
Microsoft Visual Studio Solution File, Format Version 12.00
# Visual Studio Version 17
VisualStudioVersion = 17.5.33402.96
MinimumVisualStudioVersion = 10.0.40219.1
Project("{FAE04EC0-301F-11D3-BF4B-00C04F79EFBC}") = "HumanizerDemo", "HumanizerDemo\HumanizerDemo.csproj", "{D8978D32-65DA-4AB2-99A8-9EA885814FDE}"
EndProject
Global
	GlobalSection(SolutionConfigurationPlatforms) = preSolution
		Debug|Any CPU = Debug|Any CPU
		Release|Any CPU = Release|Any CPU
	EndGlobalSection
	GlobalSection(ProjectConfigurationPlatforms) = postSolution
		{D8978D32-65DA-4AB2-99A8-9EA885814FDE}.Debug|Any CPU.ActiveCfg = Debug|Any CPU
		{D8978D32-65DA-4AB2-99A8-9EA885814FDE}.Debug|Any CPU.Build.0 = Debug|Any CPU
		{D8978D32-65DA-4AB2-99A8-9EA885814FDE}.Release|Any CPU.ActiveCfg = Release|Any CPU
		{D8978D32-65DA-4AB2-99A8-9EA885814FDE}.Release|Any CPU.Build.0 = Release|Any CPU
	EndGlobalSection
	GlobalSection(SolutionProperties) = preSolution
		HideSolutionNode = FALSE
	EndGlobalSection
	GlobalSection(ExtensibilityGlobals) = postSolution
		SolutionGuid = {15C60EF7-E71C-4E99-9788-DEE0D8DE8B2B}
	EndGlobalSection
EndGlobal
